// !$*UTF8*$!
{
	archiveVersion = 1;
	classes = {
	};
	objectVersion = 50;
	objects = {

/* Begin PBXBuildFile section */
		9149729321FA7213000BD8DE /* AppDelegate.swift in Sources */ = {isa = PBXBuildFile; fileRef = 9149729221FA7213000BD8DE /* AppDelegate.swift */; };
		9149729521FA7213000BD8DE /* MainViewController.swift in Sources */ = {isa = PBXBuildFile; fileRef = 9149729421FA7213000BD8DE /* MainViewController.swift */; };
		9149729A21FA7215000BD8DE /* Assets.xcassets in Resources */ = {isa = PBXBuildFile; fileRef = 9149729921FA7215000BD8DE /* Assets.xcassets */; };
		9149729D21FA7215000BD8DE /* LaunchScreen.storyboard in Resources */ = {isa = PBXBuildFile; fileRef = 9149729B21FA7215000BD8DE /* LaunchScreen.storyboard */; };
		914972A521FA74EB000BD8DE /* DetailViewController.swift in Sources */ = {isa = PBXBuildFile; fileRef = 914972A421FA74EB000BD8DE /* DetailViewController.swift */; };
		914972A721FA751A000BD8DE /* DetailView.swift in Sources */ = {isa = PBXBuildFile; fileRef = 914972A621FA751A000BD8DE /* DetailView.swift */; };
		914972A921FA7536000BD8DE /* MainView.swift in Sources */ = {isa = PBXBuildFile; fileRef = 914972A821FA7535000BD8DE /* MainView.swift */; };
/* End PBXBuildFile section */

/* Begin PBXFileReference section */
		9149728F21FA7213000BD8DE /* ProgrammaticTextProject.app */ = {isa = PBXFileReference; explicitFileType = wrapper.application; includeInIndex = 0; path = ProgrammaticTextProject.app; sourceTree = BUILT_PRODUCTS_DIR; };
		9149729221FA7213000BD8DE /* AppDelegate.swift */ = {isa = PBXFileReference; lastKnownFileType = sourcecode.swift; path = AppDelegate.swift; sourceTree = "<group>"; };
		9149729421FA7213000BD8DE /* MainViewController.swift */ = {isa = PBXFileReference; lastKnownFileType = sourcecode.swift; path = MainViewController.swift; sourceTree = "<group>"; };
		9149729921FA7215000BD8DE /* Assets.xcassets */ = {isa = PBXFileReference; lastKnownFileType = folder.assetcatalog; path = Assets.xcassets; sourceTree = "<group>"; };
		9149729C21FA7215000BD8DE /* Base */ = {isa = PBXFileReference; lastKnownFileType = file.storyboard; name = Base; path = Base.lproj/LaunchScreen.storyboard; sourceTree = "<group>"; };
		9149729E21FA7215000BD8DE /* Info.plist */ = {isa = PBXFileReference; lastKnownFileType = text.plist.xml; path = Info.plist; sourceTree = "<group>"; };
		914972A421FA74EB000BD8DE /* DetailViewController.swift */ = {isa = PBXFileReference; lastKnownFileType = sourcecode.swift; path = DetailViewController.swift; sourceTree = "<group>"; };
		914972A621FA751A000BD8DE /* DetailView.swift */ = {isa = PBXFileReference; lastKnownFileType = sourcecode.swift; path = DetailView.swift; sourceTree = "<group>"; };
		914972A821FA7535000BD8DE /* MainView.swift */ = {isa = PBXFileReference; lastKnownFileType = sourcecode.swift; path = MainView.swift; sourceTree = "<group>"; };
/* End PBXFileReference section */

/* Begin PBXFrameworksBuildPhase section */
		9149728C21FA7213000BD8DE /* Frameworks */ = {
			isa = PBXFrameworksBuildPhase;
			buildActionMask = 2147483647;
			files = (
			);
			runOnlyForDeploymentPostprocessing = 0;
		};
/* End PBXFrameworksBuildPhase section */

/* Begin PBXGroup section */
		9149728621FA7213000BD8DE = {
			isa = PBXGroup;
			children = (
				9149729121FA7213000BD8DE /* ProgrammaticTextProject */,
				9149729021FA7213000BD8DE /* Products */,
			);
			sourceTree = "<group>";
		};
		9149729021FA7213000BD8DE /* Products */ = {
			isa = PBXGroup;
			children = (
				9149728F21FA7213000BD8DE /* ProgrammaticTextProject.app */,
			);
			name = Products;
			sourceTree = "<group>";
		};
		9149729121FA7213000BD8DE /* ProgrammaticTextProject */ = {
			isa = PBXGroup;
			children = (
				9149729221FA7213000BD8DE /* AppDelegate.swift */,
				9149729421FA7213000BD8DE /* MainViewController.swift */,
				914972A821FA7535000BD8DE /* MainView.swift */,
				914972A621FA751A000BD8DE /* DetailView.swift */,
				914972A421FA74EB000BD8DE /* DetailViewController.swift */,
				9149729921FA7215000BD8DE /* Assets.xcassets */,
				9149729B21FA7215000BD8DE /* LaunchScreen.storyboard */,
				9149729E21FA7215000BD8DE /* Info.plist */,
			);
			path = ProgrammaticTextProject;
			sourceTree = "<group>";
		};
/* End PBXGroup section */

/* Begin PBXNativeTarget section */
		9149728E21FA7213000BD8DE /* ProgrammaticTextProject */ = {
			isa = PBXNativeTarget;
			buildConfigurationList = 914972A121FA7215000BD8DE /* Build configuration list for PBXNativeTarget "ProgrammaticTextProject" */;
			buildPhases = (
				9149728B21FA7213000BD8DE /* Sources */,
				9149728C21FA7213000BD8DE /* Frameworks */,
				9149728D21FA7213000BD8DE /* Resources */,
			);
			buildRules = (
			);
			dependencies = (
			);
			name = ProgrammaticTextProject;
			productName = ProgrammaticTextProject;
			productReference = 9149728F21FA7213000BD8DE /* ProgrammaticTextProject.app */;
			productType = "com.apple.product-type.application";
		};
/* End PBXNativeTarget section */

/* Begin PBXProject section */
		9149728721FA7213000BD8DE /* Project object */ = {
			isa = PBXProject;
			attributes = {
				LastSwiftUpdateCheck = 1000;
				LastUpgradeCheck = 1000;
				ORGANIZATIONNAME = "Yaz Burrell";
				TargetAttributes = {
					9149728E21FA7213000BD8DE = {
						CreatedOnToolsVersion = 10.0;
					};
				};
			};
			buildConfigurationList = 9149728A21FA7213000BD8DE /* Build configuration list for PBXProject "ProgrammaticTextProject" */;
			compatibilityVersion = "Xcode 9.3";
			developmentRegion = en;
			hasScannedForEncodings = 0;
			knownRegions = (
				en,
				Base,
			);
			mainGroup = 9149728621FA7213000BD8DE;
			productRefGroup = 9149729021FA7213000BD8DE /* Products */;
			projectDirPath = "";
			projectRoot = "";
			targets = (
				9149728E21FA7213000BD8DE /* ProgrammaticTextProject */,
			);
		};
/* End PBXProject section */

/* Begin PBXResourcesBuildPhase section */
		9149728D21FA7213000BD8DE /* Resources */ = {
			isa = PBXResourcesBuildPhase;
			buildActionMask = 2147483647;
			files = (
				9149729D21FA7215000BD8DE /* LaunchScreen.storyboard in Resources */,
				9149729A21FA7215000BD8DE /* Assets.xcassets in Resources */,
			);
			runOnlyForDeploymentPostprocessing = 0;
		};
/* End PBXResourcesBuildPhase section */

/* Begin PBXSourcesBuildPhase section */
		9149728B21FA7213000BD8DE /* Sources */ = {
			isa = PBXSourcesBuildPhase;
			buildActionMask = 2147483647;
			files = (
				914972A521FA74EB000BD8DE /* DetailViewController.swift in Sources */,
				914972A721FA751A000BD8DE /* DetailView.swift in Sources */,
				9149729521FA7213000BD8DE /* MainViewController.swift in Sources */,
				914972A921FA7536000BD8DE /* MainView.swift in Sources */,
				9149729321FA7213000BD8DE /* AppDelegate.swift in Sources */,
			);
			runOnlyForDeploymentPostprocessing = 0;
		};
/* End PBXSourcesBuildPhase section */

/* Begin PBXVariantGroup section */
		9149729B21FA7215000BD8DE /* LaunchScreen.storyboard */ = {
			isa = PBXVariantGroup;
			children = (
				9149729C21FA7215000BD8DE /* Base */,
			);
			name = LaunchScreen.storyboard;
			sourceTree = "<group>";
		};
/* End PBXVariantGroup section */

/* Begin XCBuildConfiguration section */
		9149729F21FA7215000BD8DE /* Debug */ = {
			isa = XCBuildConfiguration;
			buildSettings = {
				ALWAYS_SEARCH_USER_PATHS = NO;
				CLANG_ANALYZER_NONNULL = YES;
				CLANG_ANALYZER_NUMBER_OBJECT_CONVERSION = YES_AGGRESSIVE;
				CLANG_CXX_LANGUAGE_STANDARD = "gnu++14";
				CLANG_CXX_LIBRARY = "libc++";
				CLANG_ENABLE_MODULES = YES;
				CLANG_ENABLE_OBJC_ARC = YES;
				CLANG_ENABLE_OBJC_WEAK = YES;
				CLANG_WARN_BLOCK_CAPTURE_AUTORELEASING = YES;
				CLANG_WARN_BOOL_CONVERSION = YES;
				CLANG_WARN_COMMA = YES;
				CLANG_WARN_CONSTANT_CONVERSION = YES;
				CLANG_WARN_DEPRECATED_OBJC_IMPLEMENTATIONS = YES;
				CLANG_WARN_DIRECT_OBJC_ISA_USAGE = YES_ERROR;
				CLANG_WARN_DOCUMENTATION_COMMENTS = YES;
				CLANG_WARN_EMPTY_BODY = YES;
				CLANG_WARN_ENUM_CONVERSION = YES;
				CLANG_WARN_INFINITE_RECURSION = YES;
				CLANG_WARN_INT_CONVERSION = YES;
				CLANG_WARN_NON_LITERAL_NULL_CONVERSION = YES;
				CLANG_WARN_OBJC_IMPLICIT_RETAIN_SELF = YES;
				CLANG_WARN_OBJC_LITERAL_CONVERSION = YES;
				CLANG_WARN_OBJC_ROOT_CLASS = YES_ERROR;
				CLANG_WARN_RANGE_LOOP_ANALYSIS = YES;
				CLANG_WARN_STRICT_PROTOTYPES = YES;
				CLANG_WARN_SUSPICIOUS_MOVE = YES;
				CLANG_WARN_UNGUARDED_AVAILABILITY = YES_AGGRESSIVE;
				CLANG_WARN_UNREACHABLE_CODE = YES;
				CLANG_WARN__DUPLICATE_METHOD_MATCH = YES;
				CODE_SIGN_IDENTITY = "iPhone Developer";
				COPY_PHASE_STRIP = NO;
				DEBUG_INFORMATION_FORMAT = dwarf;
				ENABLE_STRICT_OBJC_MSGSEND = YES;
				ENABLE_TESTABILITY = YES;
				GCC_C_LANGUAGE_STANDARD = gnu11;
				GCC_DYNAMIC_NO_PIC = NO;
				GCC_NO_COMMON_BLOCKS = YES;
				GCC_OPTIMIZATION_LEVEL = 0;
				GCC_PREPROCESSOR_DEFINITIONS = (
					"DEBUG=1",
					"$(inherited)",
				);
				GCC_WARN_64_TO_32_BIT_CONVERSION = YES;
				GCC_WARN_ABOUT_RETURN_TYPE = YES_ERROR;
				GCC_WARN_UNDECLARED_SELECTOR = YES;
				GCC_WARN_UNINITIALIZED_AUTOS = YES_AGGRESSIVE;
				GCC_WARN_UNUSED_FUNCTION = YES;
				GCC_WARN_UNUSED_VARIABLE = YES;
				IPHONEOS_DEPLOYMENT_TARGET = 12.0;
				MTL_ENABLE_DEBUG_INFO = INCLUDE_SOURCE;
				MTL_FAST_MATH = YES;
				ONLY_ACTIVE_ARCH = YES;
				SDKROOT = iphoneos;
				SWIFT_ACTIVE_COMPILATION_CONDITIONS = DEBUG;
				SWIFT_OPTIMIZATION_LEVEL = "-Onone";
			};
			name = Debug;
		};
		914972A021FA7215000BD8DE /* Release */ = {
			isa = XCBuildConfiguration;
			buildSettings = {
				ALWAYS_SEARCH_USER_PATHS = NO;
				CLANG_ANALYZER_NONNULL = YES;
				CLANG_ANALYZER_NUMBER_OBJECT_CONVERSION = YES_AGGRESSIVE;
				CLANG_CXX_LANGUAGE_STANDARD = "gnu++14";
				CLANG_CXX_LIBRARY = "libc++";
				CLANG_ENABLE_MODULES = YES;
				CLANG_ENABLE_OBJC_ARC = YES;
				CLANG_ENABLE_OBJC_WEAK = YES;
				CLANG_WARN_BLOCK_CAPTURE_AUTORELEASING = YES;
				CLANG_WARN_BOOL_CONVERSION = YES;
				CLANG_WARN_COMMA = YES;
				CLANG_WARN_CONSTANT_CONVERSION = YES;
				CLANG_WARN_DEPRECATED_OBJC_IMPLEMENTATIONS = YES;
				CLANG_WARN_DIRECT_OBJC_ISA_USAGE = YES_ERROR;
				CLANG_WARN_DOCUMENTATION_COMMENTS = YES;
				CLANG_WARN_EMPTY_BODY = YES;
				CLANG_WARN_ENUM_CONVERSION = YES;
				CLANG_WARN_INFINITE_RECURSION = YES;
				CLANG_WARN_INT_CONVERSION = YES;
				CLANG_WARN_NON_LITERAL_NULL_CONVERSION = YES;
				CLANG_WARN_OBJC_IMPLICIT_RETAIN_SELF = YES;
				CLANG_WARN_OBJC_LITERAL_CONVERSION = YES;
				CLANG_WARN_OBJC_ROOT_CLASS = YES_ERROR;
				CLANG_WARN_RANGE_LOOP_ANALYSIS = YES;
				CLANG_WARN_STRICT_PROTOTYPES = YES;
				CLANG_WARN_SUSPICIOUS_MOVE = YES;
				CLANG_WARN_UNGUARDED_AVAILABILITY = YES_AGGRESSIVE;
				CLANG_WARN_UNREACHABLE_CODE = YES;
				CLANG_WARN__DUPLICATE_METHOD_MATCH = YES;
				CODE_SIGN_IDENTITY = "iPhone Developer";
				COPY_PHASE_STRIP = NO;
				DEBUG_INFORMATION_FORMAT = "dwarf-with-dsym";
				ENABLE_NS_ASSERTIONS = NO;
				ENABLE_STRICT_OBJC_MSGSEND = YES;
				GCC_C_LANGUAGE_STANDARD = gnu11;
				GCC_NO_COMMON_BLOCKS = YES;
				GCC_WARN_64_TO_32_BIT_CONVERSION = YES;
				GCC_WARN_ABOUT_RETURN_TYPE = YES_ERROR;
				GCC_WARN_UNDECLARED_SELECTOR = YES;
				GCC_WARN_UNINITIALIZED_AUTOS = YES_AGGRESSIVE;
				GCC_WARN_UNUSED_FUNCTION = YES;
				GCC_WARN_UNUSED_VARIABLE = YES;
				IPHONEOS_DEPLOYMENT_TARGET = 12.0;
				MTL_ENABLE_DEBUG_INFO = NO;
				MTL_FAST_MATH = YES;
				SDKROOT = iphoneos;
				SWIFT_COMPILATION_MODE = wholemodule;
				SWIFT_OPTIMIZATION_LEVEL = "-O";
				VALIDATE_PRODUCT = YES;
			};
			name = Release;
		};
		914972A221FA7215000BD8DE /* Debug */ = {
			isa = XCBuildConfiguration;
			buildSettings = {
				ASSETCATALOG_COMPILER_APPICON_NAME = AppIcon;
				CODE_SIGN_STYLE = Automatic;
				DEVELOPMENT_TEAM = PLXRGQY243;
				INFOPLIST_FILE = ProgrammaticTextProject/Info.plist;
				LD_RUNPATH_SEARCH_PATHS = (
					"$(inherited)",
					"@executable_path/Frameworks",
				);
				PRODUCT_BUNDLE_IDENTIFIER = "Yaz-Burrell.ProgrammaticTextProject";
				PRODUCT_NAME = "$(TARGET_NAME)";
				SWIFT_VERSION = 4.2;
				TARGETED_DEVICE_FAMILY = "1,2";
			};
			name = Debug;
		};
		914972A321FA7215000BD8DE /* Release */ = {
			isa = XCBuildConfiguration;
			buildSettings = {
				ASSETCATALOG_COMPILER_APPICON_NAME = AppIcon;
				CODE_SIGN_STYLE = Automatic;
				DEVELOPMENT_TEAM = PLXRGQY243;
				INFOPLIST_FILE = ProgrammaticTextProject/Info.plist;
				LD_RUNPATH_SEARCH_PATHS = (
					"$(inherited)",
					"@executable_path/Frameworks",
				);
				PRODUCT_BUNDLE_IDENTIFIER = "Yaz-Burrell.ProgrammaticTextProject";
				PRODUCT_NAME = "$(TARGET_NAME)";
				SWIFT_VERSION = 4.2;
				TARGETED_DEVICE_FAMILY = "1,2";
			};
			name = Release;
		};
/* End XCBuildConfiguration section */

/* Begin XCConfigurationList section */
		9149728A21FA7213000BD8DE /* Build configuration list for PBXProject "ProgrammaticTextProject" */ = {
			isa = XCConfigurationList;
			buildConfigurations = (
				9149729F21FA7215000BD8DE /* Debug */,
				914972A021FA7215000BD8DE /* Release */,
			);
			defaultConfigurationIsVisible = 0;
			defaultConfigurationName = Release;
		};
		914972A121FA7215000BD8DE /* Build configuration list for PBXNativeTarget "ProgrammaticTextProject" */ = {
			isa = XCConfigurationList;
			buildConfigurations = (
				914972A221FA7215000BD8DE /* Debug */,
				914972A321FA7215000BD8DE /* Release */,
			);
			defaultConfigurationIsVisible = 0;
			defaultConfigurationName = Release;
		};
/* End XCConfigurationList section */
	};
	rootObject = 9149728721FA7213000BD8DE /* Project object */;
}
